<Solution>
  <Folder Name="/docs/" />
  <Folder Name="/Solution Items/" />
  <Folder Name="/libs/">
    <Project Path="libs/lib60870/lib60870.csproj" />
  </Folder>
  <Folder Name="/src/">
    <Project Path="src/DNBridge.Calc/DNBridge.Calc.csproj" />
    <Project Path="src/DNBridge.Wpf/DNBridge.Wpf.csproj" />
    <Project Path="src/DNBridge/DNBridge.csproj" />
  </Folder>
</Solution>
